
Microsoft Visual Studio Solution File, Format Version 12.00
# Visual Studio Version 17
VisualStudioVersion = 17.3.32825.248
MinimumVisualStudioVersion = 10.0.40219.1
Project("{9A19103F-16F7-4668-BE54-9A1E7A4F7556}") = "MarsRoverIntersection", "MarsRoverIntersection.csproj", "{03C50B06-68F5-481C-9387-1EA5E67372E9}"
EndProject
Global
	GlobalSection(SolutionConfigurationPlatforms) = preSolution
		Debug|Any CPU = Debug|Any CPU
		Release|Any CPU = Release|Any CPU
	EndGlobalSection
	GlobalSection(ProjectConfigurationPlatforms) = postSolution
		{03C50B06-68F5-481C-9387-1EA5E67372E9}.Debug|Any CPU.ActiveCfg = Debug|Any CPU
		{03C50B06-68F5-481C-9387-1EA5E67372E9}.Debug|Any CPU.Build.0 = Debug|Any CPU
		{03C50B06-68F5-481C-9387-1EA5E67372E9}.Release|Any CPU.ActiveCfg = Release|Any CPU
		{03C50B06-68F5-481C-9387-1EA5E67372E9}.Release|Any CPU.Build.0 = Release|Any CPU
	EndGlobalSection
	GlobalSection(SolutionProperties) = preSolution
		HideSolutionNode = FALSE
	EndGlobalSection
	GlobalSection(ExtensibilityGlobals) = postSolution
		SolutionGuid = {B2793336-ECE7-4331-BB35-19442DB3E70E}
	EndGlobalSection
EndGlobal
